schema: '2.0'
stages:
  patterns_along_traj:
    cmd: python patterns_along_trajectory.py
    deps:
    - path: ../data/ERA5/trajectories/Trajectories_back_ClassificationCenters_IR.nc
      md5: dec7390e2ba1db4fd9da291db1363ff8
      size: 6107971
    - path: ../data/SGFF/Daily_1x1_MODIS-IR_NorthAtlantic_SGFF.nc
      md5: 3d4d99222e23d60a52e04a8d4f21bd90
      size: 2285993
    outs:
    - path: ../data/result/patterns_along_trajectories.pq
      md5: 2e7b90d96f16556b006fc2969b74929f
      size: 93253
    - path: ../figures/patterns_along_trajectory.pdf
      md5: fa443afbba6b5319a0b33ab7a5d6e862
      size: 14984
  get_patterns_along_traj:
    cmd: python get_patterns_along_traj.py
    deps:
    - path: ../data/ERA5/trajectories/Trajectories_back_ClassificationCenters_IR.nc
      md5: dec7390e2ba1db4fd9da291db1363ff8
      size: 6107971
    - path: ../data/MCC/Daily_1x1_MODIS_C6_MCC_2018.nc
      md5: 9a0df9cb9a139b13e7dbc9447774621e
      size: 268733068
    - path: ../data/MEASURES/Daily_1x1_MEASURES_CLASS_2018.nc
      md5: 7e48a5e767948301294543799c9ca415
      size: 332532770
    - path: ../data/SGFF/Daily_1x1_MODIS-IR_NorthAtlantic_SGFF.nc
      md5: 3d4d99222e23d60a52e04a8d4f21bd90
      size: 2285993
    outs:
    - path: ../data/result/patterns_along_trajectories_MCC.pq
      md5: 89788ab7db179f59fc26469e4660e9a5
      size: 65179
    - path: ../data/result/patterns_along_trajectories_MEASURES.pq
      md5: 6e3beb184f76b7994377a804ba695a1b
      size: 71864
    - path: ../data/result/patterns_along_trajectories_SGFF.pq
      md5: 2e7b90d96f16556b006fc2969b74929f
      size: 93253
  plot_patterns_along_traj_all_datasets:
    cmd: python patterns_along_trajectory_alldatasets.py
    deps:
    - path: ../data/ERA5/trajectories/Trajectories_back_ClassificationCenters_IR.nc
      md5: dec7390e2ba1db4fd9da291db1363ff8
      size: 6107971
    - path: ../data/result/patterns_along_trajectories_MCC.pq
      md5: 89788ab7db179f59fc26469e4660e9a5
      size: 65179
    - path: ../data/result/patterns_along_trajectories_MEASURES.pq
      md5: 6e3beb184f76b7994377a804ba695a1b
      size: 71864
    - path: ../data/result/patterns_along_trajectories_SGFF.pq
      md5: 2e7b90d96f16556b006fc2969b74929f
      size: 93253
    outs:
    - path: ../figures/patterns_along_trajectory_MCC.pdf
      md5: b04da8d6879a2923855c2897f07c93ac
      size: 19389
    - path: ../figures/patterns_along_trajectory_MEASURES.pdf
      md5: 0797d9a75ac9d8c4a7878e55958bf875
      size: 20381
    - path: ../figures/patterns_along_trajectory_SGFF.pdf
      md5: d7dca7ec609bd84e8ff53793d65c5cc4
      size: 19493
  plot_patterns_along_traj_SGFF:
    cmd: python patterns_along_trajectory.py
    deps:
    - path: ../data/ERA5/trajectories/Trajectories_back_ClassificationCenters_IR.nc
      md5: dec7390e2ba1db4fd9da291db1363ff8
      size: 6107971
    - path: ../data/result/patterns_along_trajectories_SGFF.pq
      md5: 2e7b90d96f16556b006fc2969b74929f
      size: 93253
    outs:
    - path: ../figures/patterns_along_trajectory_SGFF_allTimes.pdf
      md5: a60356780fed2467e1dc44a0a7818706
      size: 14239
