schema: '2.0'
stages:
  patterns_along_traj:
    cmd: python patterns_along_trajectory.py
    deps:
    - path: ../data/ERA5/trajectories/Trajectories_back_ClassificationCenters_IR.nc
      md5: dec7390e2ba1db4fd9da291db1363ff8
      size: 6107971
    - path: ../data/SGFF/Daily_1x1_MODIS-IR_NorthAtlantic_SGFF.nc
      md5: 3d4d99222e23d60a52e04a8d4f21bd90
      size: 2285993
    outs:
    - path: ../data/result/patterns_along_trajectories.pq
      md5: 2e7b90d96f16556b006fc2969b74929f
      size: 93253
    - path: ../figures/patterns_along_trajectory.pdf
      md5: fa443afbba6b5319a0b33ab7a5d6e862
      size: 14984
  get_patterns_along_traj:
    cmd: python get_patterns_along_traj.py
    deps:
    - path: ../data/ERA5/trajectories/Trajectories_back_ClassificationCenters_IR.nc
      md5: dec7390e2ba1db4fd9da291db1363ff8
      size: 6107971
    - path: ../data/MCC/Daily_1x1_MODIS_C6_MCC_2018.nc
      md5: 9a0df9cb9a139b13e7dbc9447774621e
      size: 268733068
    - path: ../data/MEASURES/Daily_1x1_MEASURES_CLASS_2018.nc
      md5: 7e48a5e767948301294543799c9ca415
      size: 332532770
    - path: ../data/SGFF/Daily_1x1_MODIS-IR_NorthAtlantic_SGFF.nc
      md5: 3d4d99222e23d60a52e04a8d4f21bd90
      size: 2285993
    outs:
    - path: ../data/result/patterns_along_trajectories_MCC.pq
      md5: 89788ab7db179f59fc26469e4660e9a5
      size: 65179
    - path: ../data/result/patterns_along_trajectories_MEASURES.pq
      md5: 6e3beb184f76b7994377a804ba695a1b
      size: 71864
    - path: ../data/result/patterns_along_trajectories_SGFF.pq
      md5: 2e7b90d96f16556b006fc2969b74929f
      size: 93253
  plot_patterns_along_traj_all_datasets:
    cmd: python patterns_along_trajectory_alldatasets.py
    deps:
    - path: ../data/ERA5/trajectories/Trajectories_back_ClassificationCenters_IR.nc
      md5: dec7390e2ba1db4fd9da291db1363ff8
      size: 6107971
    - path: ../data/result/patterns_along_trajectories_MCC.pq
      md5: 89788ab7db179f59fc26469e4660e9a5
      size: 65179
    - path: ../data/result/patterns_along_trajectories_MEASURES.pq
      md5: 6e3beb184f76b7994377a804ba695a1b
      size: 71864
    - path: ../data/result/patterns_along_trajectories_SGFF.pq
      md5: 2e7b90d96f16556b006fc2969b74929f
      size: 93253
    outs:
    - path: ../figures/patterns_along_trajectory_MCC.pdf
      md5: 16b172d39820aec3c57c180d30d652f4
      size: 19389
    - path: ../figures/patterns_along_trajectory_MEASURES.pdf
      md5: bc888ec8848bfee22985ff26d2d69079
      size: 20381
    - path: ../figures/patterns_along_trajectory_SGFF.pdf
      md5: f79e7f97b9ff43494e957e9113426947
      size: 19648
  plot_patterns_along_traj_SGFF:
    cmd: python patterns_along_trajectory.py
    deps:
    - path: ../data/ERA5/trajectories/Trajectories_back_ClassificationCenters_IR.nc
      md5: dec7390e2ba1db4fd9da291db1363ff8
      size: 6107971
    - path: ../data/result/patterns_along_trajectories_SGFF.pq
      md5: 2e7b90d96f16556b006fc2969b74929f
      size: 93253
    outs:
    - path: ../figures/patterns_along_trajectory_SGFF_allTimes.pdf
      md5: 2cbf4ff3b2a9fe611c28205f85a4aaa5
      size: 14239
  download_MODIS_IO:
    cmd: bash run_download_MODIS.sh ../../setups/IndianOcean.yaml
    outs:
    - path: /mount/sgff/nfs/data/MODIS/Aqua_MODIS_IR/IndianOcean
      md5: b9adfabf75219d672dae0157959eb4ee.dir
      size: 11543864357
      nfiles: 4744
  download_MODIS_TB1:
    cmd: bash run_download_MODIS.sh ../../setups/TropicalBelt1.yaml
    outs:
    - path: /mount/sgff/nfs/data/MODIS/Aqua_MODIS_IR/TropicalBelt1
      md5: c4ed1e221fabbfdf0a79d973502bbb50.dir
      size: 413393333
      nfiles: 365
  download_MODIS_TB2:
    cmd: bash run_download_MODIS.sh ../../setups/TropicalBelt2.yaml
    outs:
    - path: /mount/sgff/nfs/data/MODIS/Aqua_MODIS_IR/TropicalBelt2
      md5: d657238709a619d42e7a8f1a2ce1e0f6.dir
      size: 447105862
      nfiles: 365
  download_MODIS_TB3:
    cmd: bash run_download_MODIS.sh ../../setups/TropicalBelt3.yaml
    outs:
    - path: /mount/sgff/nfs/data/MODIS/Aqua_MODIS_IR/TropicalBelt3
      md5: 4c2a157bf9f23f23cb4bec580d5496d9.dir
      size: 425336336
      nfiles: 365
  download_MODIS_TB4:
    cmd: bash run_download_MODIS.sh ../../setups/TropicalBelt4.yaml
    outs:
    - path: /mount/sgff/nfs/data/MODIS/Aqua_MODIS_IR/TropicalBelt4
      md5: 6374399045c30919e10e9b7183a726ad.dir
      size: 473346974
      nfiles: 365
  download_MODIS_TB5:
    cmd: bash run_download_MODIS.sh ../../setups/TropicalBelt5.yaml
    outs:
    - path: /mount/sgff/nfs/data/MODIS/Aqua_MODIS_IR/TropicalBelt5
      md5: fda5a793cc120e7b3346c0f7f0dfe092.dir
      size: 463158703
      nfiles: 365
  download_MODIS_TB6:
    cmd: bash run_download_MODIS.sh ../../setups/TropicalBelt6.yaml
    outs:
    - path: /mount/sgff/nfs/data/MODIS/Aqua_MODIS_IR/TropicalBelt6
      md5: e854c237aa2275fdd6a2f1ad24b886d3.dir
      size: 476633032
      nfiles: 365
  download_MODIS_TB:
    cmd: echo "Download all MODIS Tropical Belt images"
    deps:
    - path: /mount/sgff/nfs/data/MODIS/Aqua_MODIS_IR/TropicalBelt1
      md5: c4ed1e221fabbfdf0a79d973502bbb50.dir
      size: 413393333
      nfiles: 365
    - path: /mount/sgff/nfs/data/MODIS/Aqua_MODIS_IR/TropicalBelt2
      md5: d657238709a619d42e7a8f1a2ce1e0f6.dir
      size: 447105862
      nfiles: 365
    - path: /mount/sgff/nfs/data/MODIS/Aqua_MODIS_IR/TropicalBelt3
      md5: 4c2a157bf9f23f23cb4bec580d5496d9.dir
      size: 425336336
      nfiles: 365
    - path: /mount/sgff/nfs/data/MODIS/Aqua_MODIS_IR/TropicalBelt4
      md5: 6374399045c30919e10e9b7183a726ad.dir
      size: 473346974
      nfiles: 365
    - path: /mount/sgff/nfs/data/MODIS/Aqua_MODIS_IR/TropicalBelt5
      md5: fda5a793cc120e7b3346c0f7f0dfe092.dir
      size: 463158703
      nfiles: 365
    - path: /mount/sgff/nfs/data/MODIS/Aqua_MODIS_IR/TropicalBelt6
      md5: e854c237aa2275fdd6a2f1ad24b886d3.dir
      size: 476633032
      nfiles: 365
  stitch_images_BT:
    cmd: bash stitch_images.sh /mount/sgff/nfs/data/MODIS/Aqua_MODIS_IR/TropicalBelt1/
      /mount/sgff/nfs/data/MODIS/Aqua_MODIS_IR/TropicalBelt2/ /mount/sgff/nfs/data/MODIS/Aqua_MODIS_IR/TropicalBelt3/
      /mount/sgff/nfs/data/MODIS/Aqua_MODIS_IR/TropicalBelt4/ /mount/sgff/nfs/data/MODIS/Aqua_MODIS_IR/TropicalBelt5/
      /mount/sgff/nfs/data/MODIS/Aqua_MODIS_IR/TropicalBelt6/
    deps:
    - path: /mount/sgff/nfs/data/MODIS/Aqua_MODIS_IR/TropicalBelt1
      md5: c4ed1e221fabbfdf0a79d973502bbb50.dir
      size: 413393333
      nfiles: 365
    - path: /mount/sgff/nfs/data/MODIS/Aqua_MODIS_IR/TropicalBelt2
      md5: d657238709a619d42e7a8f1a2ce1e0f6.dir
      size: 447105862
      nfiles: 365
    - path: /mount/sgff/nfs/data/MODIS/Aqua_MODIS_IR/TropicalBelt3
      md5: 4c2a157bf9f23f23cb4bec580d5496d9.dir
      size: 425336336
      nfiles: 365
    - path: /mount/sgff/nfs/data/MODIS/Aqua_MODIS_IR/TropicalBelt4
      md5: 6374399045c30919e10e9b7183a726ad.dir
      size: 473346974
      nfiles: 365
    - path: /mount/sgff/nfs/data/MODIS/Aqua_MODIS_IR/TropicalBelt5
      md5: fda5a793cc120e7b3346c0f7f0dfe092.dir
      size: 463158703
      nfiles: 365
    - path: /mount/sgff/nfs/data/MODIS/Aqua_MODIS_IR/TropicalBelt6
      md5: e854c237aa2275fdd6a2f1ad24b886d3.dir
      size: 476633032
      nfiles: 365
    outs:
    - path: /mount/sgff/nfs/data/MODIS/Aqua_MODIS_IR/TropicalBelt
      md5: 69ffca9ad538fa9bc175767d46920f70.dir
      size: 2702336517
      nfiles: 365
